
Microsoft Visual Studio Solution File, Format Version 12.00
# Visual Studio Version 16
VisualStudioVersion = 16.0.30406.217
MinimumVisualStudioVersion = 10.0.40219.1
Project("{FAE04EC0-301F-11D3-BF4B-00C04F79EFBC}") = "Retired Jersey Numbers", "Retired Jersey Numbers\Retired Jersey Numbers.csproj", "{5C436370-FFF9-42D9-9340-BA9FBE25074A}"
EndProject
Global
	GlobalSection(SolutionConfigurationPlatforms) = preSolution
		Debug|Any CPU = Debug|Any CPU
		Release|Any CPU = Release|Any CPU
	EndGlobalSection
	GlobalSection(ProjectConfigurationPlatforms) = postSolution
		{5C436370-FFF9-42D9-9340-BA9FBE25074A}.Debug|Any CPU.ActiveCfg = Debug|Any CPU
		{5C436370-FFF9-42D9-9340-BA9FBE25074A}.Debug|Any CPU.Build.0 = Debug|Any CPU
		{5C436370-FFF9-42D9-9340-BA9FBE25074A}.Release|Any CPU.ActiveCfg = Release|Any CPU
		{5C436370-FFF9-42D9-9340-BA9FBE25074A}.Release|Any CPU.Build.0 = Release|Any CPU
	EndGlobalSection
	GlobalSection(SolutionProperties) = preSolution
		HideSolutionNode = FALSE
	EndGlobalSection
	GlobalSection(ExtensibilityGlobals) = postSolution
		SolutionGuid = {5C71DACD-CEF3-4443-BD58-0A455C5B88EC}
	EndGlobalSection
EndGlobal
