
Microsoft Visual Studio Solution File, Format Version 12.00
# Visual Studio Version 16
VisualStudioVersion = 16.0.30320.27
MinimumVisualStudioVersion = 10.0.40219.1
Project("{FAE04EC0-301F-11D3-BF4B-00C04F79EFBC}") = "CallBaseClassConstructor", "CallBaseClassConstructor\CallBaseClassConstructor.csproj", "{096CBB72-68D7-4699-A9C1-DF7E01093F39}"
EndProject
Global
	GlobalSection(SolutionConfigurationPlatforms) = preSolution
		Debug|Any CPU = Debug|Any CPU
		Release|Any CPU = Release|Any CPU
	EndGlobalSection
	GlobalSection(ProjectConfigurationPlatforms) = postSolution
		{096CBB72-68D7-4699-A9C1-DF7E01093F39}.Debug|Any CPU.ActiveCfg = Debug|Any CPU
		{096CBB72-68D7-4699-A9C1-DF7E01093F39}.Debug|Any CPU.Build.0 = Debug|Any CPU
		{096CBB72-68D7-4699-A9C1-DF7E01093F39}.Release|Any CPU.ActiveCfg = Release|Any CPU
		{096CBB72-68D7-4699-A9C1-DF7E01093F39}.Release|Any CPU.Build.0 = Release|Any CPU
	EndGlobalSection
	GlobalSection(SolutionProperties) = preSolution
		HideSolutionNode = FALSE
	EndGlobalSection
	GlobalSection(ExtensibilityGlobals) = postSolution
		SolutionGuid = {5D5FC9BC-0A5B-4D31-8185-029EB6EB8485}
	EndGlobalSection
EndGlobal
