
Microsoft Visual Studio Solution File, Format Version 12.00
# Visual Studio Version 16
VisualStudioVersion = 16.0.30406.217
MinimumVisualStudioVersion = 10.0.40219.1
Project("{FAE04EC0-301F-11D3-BF4B-00C04F79EFBC}") = "PoolPuzzleChapter7", "PoolPuzzleChapter7\PoolPuzzleChapter7.csproj", "{B991F9EA-5F97-477E-9EAA-15E5C58F5B33}"
EndProject
Global
	GlobalSection(SolutionConfigurationPlatforms) = preSolution
		Debug|Any CPU = Debug|Any CPU
		Release|Any CPU = Release|Any CPU
	EndGlobalSection
	GlobalSection(ProjectConfigurationPlatforms) = postSolution
		{B991F9EA-5F97-477E-9EAA-15E5C58F5B33}.Debug|Any CPU.ActiveCfg = Debug|Any CPU
		{B991F9EA-5F97-477E-9EAA-15E5C58F5B33}.Debug|Any CPU.Build.0 = Debug|Any CPU
		{B991F9EA-5F97-477E-9EAA-15E5C58F5B33}.Release|Any CPU.ActiveCfg = Release|Any CPU
		{B991F9EA-5F97-477E-9EAA-15E5C58F5B33}.Release|Any CPU.Build.0 = Release|Any CPU
	EndGlobalSection
	GlobalSection(SolutionProperties) = preSolution
		HideSolutionNode = FALSE
	EndGlobalSection
	GlobalSection(ExtensibilityGlobals) = postSolution
		SolutionGuid = {A1BBAB0D-E95E-495C-A2A0-9B9F4F25DCDB}
	EndGlobalSection
EndGlobal
