
Microsoft Visual Studio Solution File, Format Version 12.00
# Visual Studio Version 16
VisualStudioVersion = 16.0.30503.244
MinimumVisualStudioVersion = 10.0.40219.1
Project("{FAE04EC0-301F-11D3-BF4B-00C04F79EFBC}") = "UseABinaryWriter", "UseABinaryWriter\UseABinaryWriter.csproj", "{E0202D62-7D46-48B2-BDC2-BDB31F5093ED}"
EndProject
Global
	GlobalSection(SolutionConfigurationPlatforms) = preSolution
		Debug|Any CPU = Debug|Any CPU
		Release|Any CPU = Release|Any CPU
	EndGlobalSection
	GlobalSection(ProjectConfigurationPlatforms) = postSolution
		{E0202D62-7D46-48B2-BDC2-BDB31F5093ED}.Debug|Any CPU.ActiveCfg = Debug|Any CPU
		{E0202D62-7D46-48B2-BDC2-BDB31F5093ED}.Debug|Any CPU.Build.0 = Debug|Any CPU
		{E0202D62-7D46-48B2-BDC2-BDB31F5093ED}.Release|Any CPU.ActiveCfg = Release|Any CPU
		{E0202D62-7D46-48B2-BDC2-BDB31F5093ED}.Release|Any CPU.Build.0 = Release|Any CPU
	EndGlobalSection
	GlobalSection(SolutionProperties) = preSolution
		HideSolutionNode = FALSE
	EndGlobalSection
	GlobalSection(ExtensibilityGlobals) = postSolution
		SolutionGuid = {9F753994-4D34-429D-8025-3162B6C5EEDD}
	EndGlobalSection
EndGlobal
