
Microsoft Visual Studio Solution File, Format Version 12.00
# Visual Studio Version 16
VisualStudioVersion = 16.0.30406.217
MinimumVisualStudioVersion = 10.0.40219.1
Project("{FAE04EC0-301F-11D3-BF4B-00C04F79EFBC}") = "CodeMagnets_Chapter8", "CodeMagnets_Chapter8\CodeMagnets_Chapter8.csproj", "{9CF7A688-B781-4B8C-B426-4C7363CD3B0D}"
EndProject
Global
	GlobalSection(SolutionConfigurationPlatforms) = preSolution
		Debug|Any CPU = Debug|Any CPU
		Release|Any CPU = Release|Any CPU
	EndGlobalSection
	GlobalSection(ProjectConfigurationPlatforms) = postSolution
		{9CF7A688-B781-4B8C-B426-4C7363CD3B0D}.Debug|Any CPU.ActiveCfg = Debug|Any CPU
		{9CF7A688-B781-4B8C-B426-4C7363CD3B0D}.Debug|Any CPU.Build.0 = Debug|Any CPU
		{9CF7A688-B781-4B8C-B426-4C7363CD3B0D}.Release|Any CPU.ActiveCfg = Release|Any CPU
		{9CF7A688-B781-4B8C-B426-4C7363CD3B0D}.Release|Any CPU.Build.0 = Release|Any CPU
	EndGlobalSection
	GlobalSection(SolutionProperties) = preSolution
		HideSolutionNode = FALSE
	EndGlobalSection
	GlobalSection(ExtensibilityGlobals) = postSolution
		SolutionGuid = {AE9F78F3-2CB2-42DC-AD3F-58FEA9EE9E84}
	EndGlobalSection
EndGlobal
