
Microsoft Visual Studio Solution File, Format Version 12.00
# Visual Studio Version 16
VisualStudioVersion = 16.0.30413.136
MinimumVisualStudioVersion = 10.0.40219.1
Project("{FAE04EC0-301F-11D3-BF4B-00C04F79EFBC}") = "ExcuseManager_Serialized", "ExcuseManager_Serialized\ExcuseManager_Serialized.csproj", "{B2EC78DE-A9A5-4AD9-8490-22C088C8F111}"
EndProject
Global
	GlobalSection(SolutionConfigurationPlatforms) = preSolution
		Debug|Any CPU = Debug|Any CPU
		Release|Any CPU = Release|Any CPU
	EndGlobalSection
	GlobalSection(ProjectConfigurationPlatforms) = postSolution
		{B2EC78DE-A9A5-4AD9-8490-22C088C8F111}.Debug|Any CPU.ActiveCfg = Debug|Any CPU
		{B2EC78DE-A9A5-4AD9-8490-22C088C8F111}.Debug|Any CPU.Build.0 = Debug|Any CPU
		{B2EC78DE-A9A5-4AD9-8490-22C088C8F111}.Release|Any CPU.ActiveCfg = Release|Any CPU
		{B2EC78DE-A9A5-4AD9-8490-22C088C8F111}.Release|Any CPU.Build.0 = Release|Any CPU
	EndGlobalSection
	GlobalSection(SolutionProperties) = preSolution
		HideSolutionNode = FALSE
	EndGlobalSection
	GlobalSection(ExtensibilityGlobals) = postSolution
		SolutionGuid = {9DD0F8AE-7628-46BD-98CD-0DC294A2EF2F}
	EndGlobalSection
EndGlobal
