
Microsoft Visual Studio Solution File, Format Version 12.00
# Visual Studio Version 16
VisualStudioVersion = 16.0.30503.244
MinimumVisualStudioVersion = 10.0.40219.1
Project("{FAE04EC0-301F-11D3-BF4B-00C04F79EFBC}") = "TheQuest", "TheQuest\TheQuest.csproj", "{A2F62194-237E-4C58-9DF0-EEA7247815DF}"
EndProject
Global
	GlobalSection(SolutionConfigurationPlatforms) = preSolution
		Debug|Any CPU = Debug|Any CPU
		Release|Any CPU = Release|Any CPU
	EndGlobalSection
	GlobalSection(ProjectConfigurationPlatforms) = postSolution
		{A2F62194-237E-4C58-9DF0-EEA7247815DF}.Debug|Any CPU.ActiveCfg = Debug|Any CPU
		{A2F62194-237E-4C58-9DF0-EEA7247815DF}.Debug|Any CPU.Build.0 = Debug|Any CPU
		{A2F62194-237E-4C58-9DF0-EEA7247815DF}.Release|Any CPU.ActiveCfg = Release|Any CPU
		{A2F62194-237E-4C58-9DF0-EEA7247815DF}.Release|Any CPU.Build.0 = Release|Any CPU
	EndGlobalSection
	GlobalSection(SolutionProperties) = preSolution
		HideSolutionNode = FALSE
	EndGlobalSection
	GlobalSection(ExtensibilityGlobals) = postSolution
		SolutionGuid = {B1E4AB5D-D1E0-45A2-BA64-F348B4F17E77}
	EndGlobalSection
EndGlobal
