
Microsoft Visual Studio Solution File, Format Version 12.00
# Visual Studio Version 16
VisualStudioVersion = 16.0.30204.135
MinimumVisualStudioVersion = 10.0.40219.1
Project("{FAE04EC0-301F-11D3-BF4B-00C04F79EFBC}") = "FunWithJoeAndBob_Serialized", "FunWithJoeAndBob_Serialized\FunWithJoeAndBob_Serialized.csproj", "{87798AAE-1E50-427F-A15C-C11F9D1E9195}"
EndProject
Global
	GlobalSection(SolutionConfigurationPlatforms) = preSolution
		Debug|Any CPU = Debug|Any CPU
		Release|Any CPU = Release|Any CPU
	EndGlobalSection
	GlobalSection(ProjectConfigurationPlatforms) = postSolution
		{87798AAE-1E50-427F-A15C-C11F9D1E9195}.Debug|Any CPU.ActiveCfg = Debug|Any CPU
		{87798AAE-1E50-427F-A15C-C11F9D1E9195}.Debug|Any CPU.Build.0 = Debug|Any CPU
		{87798AAE-1E50-427F-A15C-C11F9D1E9195}.Release|Any CPU.ActiveCfg = Release|Any CPU
		{87798AAE-1E50-427F-A15C-C11F9D1E9195}.Release|Any CPU.Build.0 = Release|Any CPU
	EndGlobalSection
	GlobalSection(SolutionProperties) = preSolution
		HideSolutionNode = FALSE
	EndGlobalSection
	GlobalSection(ExtensibilityGlobals) = postSolution
		SolutionGuid = {0E21B1AC-8D79-4434-A103-5AE35A648054}
	EndGlobalSection
EndGlobal
