
Microsoft Visual Studio Solution File, Format Version 12.00
# Visual Studio Version 16
VisualStudioVersion = 16.0.30406.217
MinimumVisualStudioVersion = 10.0.40219.1
Project("{FAE04EC0-301F-11D3-BF4B-00C04F79EFBC}") = "TestConsole", "TestConsole\TestConsole.csproj", "{C00B7B03-5008-4972-85F1-58BCBA135078}"
EndProject
Global
	GlobalSection(SolutionConfigurationPlatforms) = preSolution
		Debug|Any CPU = Debug|Any CPU
		Release|Any CPU = Release|Any CPU
	EndGlobalSection
	GlobalSection(ProjectConfigurationPlatforms) = postSolution
		{C00B7B03-5008-4972-85F1-58BCBA135078}.Debug|Any CPU.ActiveCfg = Debug|Any CPU
		{C00B7B03-5008-4972-85F1-58BCBA135078}.Debug|Any CPU.Build.0 = Debug|Any CPU
		{C00B7B03-5008-4972-85F1-58BCBA135078}.Release|Any CPU.ActiveCfg = Release|Any CPU
		{C00B7B03-5008-4972-85F1-58BCBA135078}.Release|Any CPU.Build.0 = Release|Any CPU
	EndGlobalSection
	GlobalSection(SolutionProperties) = preSolution
		HideSolutionNode = FALSE
	EndGlobalSection
	GlobalSection(ExtensibilityGlobals) = postSolution
		SolutionGuid = {65A995C2-6C0B-4090-BE8F-8D9B7EC839EF}
	EndGlobalSection
EndGlobal
