
Microsoft Visual Studio Solution File, Format Version 12.00
# Visual Studio Version 16
VisualStudioVersion = 16.0.30406.217
MinimumVisualStudioVersion = 10.0.40219.1
Project("{FAE04EC0-301F-11D3-BF4B-00C04F79EFBC}") = "Two Decks", "Two Decks\Two Decks.csproj", "{09BDFE9A-5C1D-496D-A4B4-BCF520540179}"
EndProject
Global
	GlobalSection(SolutionConfigurationPlatforms) = preSolution
		Debug|Any CPU = Debug|Any CPU
		Release|Any CPU = Release|Any CPU
	EndGlobalSection
	GlobalSection(ProjectConfigurationPlatforms) = postSolution
		{09BDFE9A-5C1D-496D-A4B4-BCF520540179}.Debug|Any CPU.ActiveCfg = Debug|Any CPU
		{09BDFE9A-5C1D-496D-A4B4-BCF520540179}.Debug|Any CPU.Build.0 = Debug|Any CPU
		{09BDFE9A-5C1D-496D-A4B4-BCF520540179}.Release|Any CPU.ActiveCfg = Release|Any CPU
		{09BDFE9A-5C1D-496D-A4B4-BCF520540179}.Release|Any CPU.Build.0 = Release|Any CPU
	EndGlobalSection
	GlobalSection(SolutionProperties) = preSolution
		HideSolutionNode = FALSE
	EndGlobalSection
	GlobalSection(ExtensibilityGlobals) = postSolution
		SolutionGuid = {919CD846-93F3-4FC5-9CC4-AC4518B45237}
	EndGlobalSection
EndGlobal
