
Microsoft Visual Studio Solution File, Format Version 12.00
# Visual Studio Version 16
VisualStudioVersion = 16.0.30406.217
MinimumVisualStudioVersion = 10.0.40219.1
Project("{FAE04EC0-301F-11D3-BF4B-00C04F79EFBC}") = "List of Cards", "List of Cards\List of Cards.csproj", "{CECAC7A6-5645-4EFF-AEE2-98B04F7ED0D9}"
EndProject
Global
	GlobalSection(SolutionConfigurationPlatforms) = preSolution
		Debug|Any CPU = Debug|Any CPU
		Release|Any CPU = Release|Any CPU
	EndGlobalSection
	GlobalSection(ProjectConfigurationPlatforms) = postSolution
		{CECAC7A6-5645-4EFF-AEE2-98B04F7ED0D9}.Debug|Any CPU.ActiveCfg = Debug|Any CPU
		{CECAC7A6-5645-4EFF-AEE2-98B04F7ED0D9}.Debug|Any CPU.Build.0 = Debug|Any CPU
		{CECAC7A6-5645-4EFF-AEE2-98B04F7ED0D9}.Release|Any CPU.ActiveCfg = Release|Any CPU
		{CECAC7A6-5645-4EFF-AEE2-98B04F7ED0D9}.Release|Any CPU.Build.0 = Release|Any CPU
	EndGlobalSection
	GlobalSection(SolutionProperties) = preSolution
		HideSolutionNode = FALSE
	EndGlobalSection
	GlobalSection(ExtensibilityGlobals) = postSolution
		SolutionGuid = {F44959A3-4A79-4F25-9A66-12F878AED040}
	EndGlobalSection
EndGlobal
